PODS:
  - flutter_sound_core (0.1.0)

DEPENDENCIES:
  - flutter_sound_core (from `../`)

EXTERNAL SOURCES:
  flutter_sound_core:
    :path: "../"

SPEC CHECKSUMS:
  flutter_sound_core: 953d43e55828110a2d3629223212aefa836b2b0e

PODFILE CHECKSUM: aae3f4f38ee187315741676daad784fa425e36c0

COCOAPODS: 1.11.2
